// !$*UTF8*$!
{
	archiveVersion = 1;
	classes = {
	};
	objectVersion = 46;
	objects = {

/* Begin PBXBuildFile section */
		4437F4CC1EB36D2100AF5C10 /* ContactTableViewController.m in Sources */ = {isa = PBXBuildFile; fileRef = 4437F4CB1EB36D2100AF5C10 /* ContactTableViewController.m */; };
		4437F4CF1EB36D5800AF5C10 /* LeftMenuTableViewController.m in Sources */ = {isa = PBXBuildFile; fileRef = 4437F4CE1EB36D5800AF5C10 /* LeftMenuTableViewController.m */; };
		4437F4DE1EB36EB300AF5C10 /* MMDrawerBarButtonItem.m in Sources */ = {isa = PBXBuildFile; fileRef = 4437F4D61EB36EB300AF5C10 /* MMDrawerBarButtonItem.m */; };
		4437F4DF1EB36EB300AF5C10 /* MMDrawerController.m in Sources */ = {isa = PBXBuildFile; fileRef = 4437F4D81EB36EB300AF5C10 /* MMDrawerController.m */; };
		4437F4E01EB36EB300AF5C10 /* MMDrawerVisualState.m in Sources */ = {isa = PBXBuildFile; fileRef = 4437F4DB1EB36EB300AF5C10 /* MMDrawerVisualState.m */; };
		4437F4E11EB36EB300AF5C10 /* UIViewController+MMDrawerController.m in Sources */ = {isa = PBXBuildFile; fileRef = 4437F4DD1EB36EB300AF5C10 /* UIViewController+MMDrawerController.m */; };
		4437F8381EB0D71800007A06 /* main.m in Sources */ = {isa = PBXBuildFile; fileRef = 4437F8371EB0D71800007A06 /* main.m */; };
		4437F83B1EB0D71800007A06 /* AppDelegate.m in Sources */ = {isa = PBXBuildFile; fileRef = 4437F83A1EB0D71800007A06 /* AppDelegate.m */; };
		4437F83E1EB0D71800007A06 /* ViewController.m in Sources */ = {isa = PBXBuildFile; fileRef = 4437F83D1EB0D71800007A06 /* ViewController.m */; };
		4437F8411EB0D71800007A06 /* Main.storyboard in Resources */ = {isa = PBXBuildFile; fileRef = 4437F83F1EB0D71800007A06 /* Main.storyboard */; };
		4437F8431EB0D71800007A06 /* Assets.xcassets in Resources */ = {isa = PBXBuildFile; fileRef = 4437F8421EB0D71800007A06 /* Assets.xcassets */; };
		4437F8461EB0D71800007A06 /* LaunchScreen.storyboard in Resources */ = {isa = PBXBuildFile; fileRef = 4437F8441EB0D71800007A06 /* LaunchScreen.storyboard */; };
		4437F8511EB0D71800007A06 /* BankTests.m in Sources */ = {isa = PBXBuildFile; fileRef = 4437F8501EB0D71800007A06 /* BankTests.m */; };
		4437F85C1EB0D71800007A06 /* BankUITests.m in Sources */ = {isa = PBXBuildFile; fileRef = 4437F85B1EB0D71800007A06 /* BankUITests.m */; };
		4437F86B1EB0DFB700007A06 /* LoginViewController.m in Sources */ = {isa = PBXBuildFile; fileRef = 4437F86A1EB0DFB700007A06 /* LoginViewController.m */; };
		44F7446E1EB2269500A6C251 /* Oswald-Light.ttf in Resources */ = {isa = PBXBuildFile; fileRef = 44F744631EB2256900A6C251 /* Oswald-Light.ttf */; };
		44F7446F1EB2269500A6C251 /* oswald-medium-5901e5bfca5b3.ttf in Resources */ = {isa = PBXBuildFile; fileRef = 44F744641EB2256900A6C251 /* oswald-medium-5901e5bfca5b3.ttf */; };
		44F744701EB2269500A6C251 /* Oswald-Regular.ttf in Resources */ = {isa = PBXBuildFile; fileRef = 44F744651EB2256900A6C251 /* Oswald-Regular.ttf */; };
		44F744711EB2269500A6C251 /* SF-UI-Text-Regular.otf in Resources */ = {isa = PBXBuildFile; fileRef = 44F744661EB2256900A6C251 /* SF-UI-Text-Regular.otf */; };
		44F744721EB2269500A6C251 /* SF-UI-Text-Semibold 15.50.58.ttf in Resources */ = {isa = PBXBuildFile; fileRef = 44F744671EB2256900A6C251 /* SF-UI-Text-Semibold 15.50.58.ttf */; };
		44F744731EB2269500A6C251 /* SF-UI-Text-Semibold.ttf in Resources */ = {isa = PBXBuildFile; fileRef = 44F744681EB2256900A6C251 /* SF-UI-Text-Semibold.ttf */; };
		44F744741EB2269500A6C251 /* SFUIDisplay-Regular.otf in Resources */ = {isa = PBXBuildFile; fileRef = 44F744691EB2256900A6C251 /* SFUIDisplay-Regular.otf */; };
		44F744751EB2269500A6C251 /* SFUIDisplay-Thin.otf in Resources */ = {isa = PBXBuildFile; fileRef = 44F7446A1EB2256900A6C251 /* SFUIDisplay-Thin.otf */; };
		44F744761EB2269500A6C251 /* SFUIText-Light.otf in Resources */ = {isa = PBXBuildFile; fileRef = 44F7446B1EB2256900A6C251 /* SFUIText-Light.otf */; };
		44F744771EB2269500A6C251 /* SFUIText-Medium.otf in Resources */ = {isa = PBXBuildFile; fileRef = 44F7446C1EB2256900A6C251 /* SFUIText-Medium.otf */; };
		44F744781EB2269500A6C251 /* SFUIText-Regular.otf in Resources */ = {isa = PBXBuildFile; fileRef = 44F7446D1EB2256900A6C251 /* SFUIText-Regular.otf */; };
		44F744821EB22EC100A6C251 /* fira-sans-extra-condensed-bold-58f899a7e708b.otf in Resources */ = {isa = PBXBuildFile; fileRef = 44F744791EB22E1900A6C251 /* fira-sans-extra-condensed-bold-58f899a7e708b.otf */; };
		44F744831EB22EC100A6C251 /* fira-sans-extra-condensed-extralight-58f8987003185.otf in Resources */ = {isa = PBXBuildFile; fileRef = 44F7447A1EB22E1900A6C251 /* fira-sans-extra-condensed-extralight-58f8987003185.otf */; };
		44F744841EB22EC100A6C251 /* fira-sans-extra-condensed-light-58f898d0397b5.otf in Resources */ = {isa = PBXBuildFile; fileRef = 44F7447B1EB22E1900A6C251 /* fira-sans-extra-condensed-light-58f898d0397b5.otf */; };
		44F744851EB22EC100A6C251 /* fira-sans-extra-condensed-light-5901e598a26c7.otf in Resources */ = {isa = PBXBuildFile; fileRef = 44F7447C1EB22E1900A6C251 /* fira-sans-extra-condensed-light-5901e598a26c7.otf */; };
		44F744861EB22EC100A6C251 /* fira-sans-extra-condensed-medium-italic-58f89a0167eb9.otf in Resources */ = {isa = PBXBuildFile; fileRef = 44F7447D1EB22E1900A6C251 /* fira-sans-extra-condensed-medium-italic-58f89a0167eb9.otf */; };
		44F744871EB22EC100A6C251 /* fira-sans-extra-condensed-regular-58f8992bf273b.otf in Resources */ = {isa = PBXBuildFile; fileRef = 44F7447E1EB22E1900A6C251 /* fira-sans-extra-condensed-regular-58f8992bf273b.otf */; };
		44F744881EB22EC100A6C251 /* fira-sans-extra-condensed-regular-5901e6de38fb7.otf in Resources */ = {isa = PBXBuildFile; fileRef = 44F7447F1EB22E1900A6C251 /* fira-sans-extra-condensed-regular-5901e6de38fb7.otf */; };
		44F744891EB22EC100A6C251 /* FiraSansExtraCondensed-ExtraLightItalic.ttf in Resources */ = {isa = PBXBuildFile; fileRef = 44F744801EB22E1900A6C251 /* FiraSansExtraCondensed-ExtraLightItalic.ttf */; };
		44F7448A1EB22EC100A6C251 /* FiraSansExtraCondensed-Medium.ttf in Resources */ = {isa = PBXBuildFile; fileRef = 44F744811EB22E1900A6C251 /* FiraSansExtraCondensed-Medium.ttf */; };
		44F7448D1EB232AB00A6C251 /* LogupViewController.m in Sources */ = {isa = PBXBuildFile; fileRef = 44F7448C1EB232AB00A6C251 /* LogupViewController.m */; };
/* End PBXBuildFile section */

/* Begin PBXContainerItemProxy section */
		4437F84D1EB0D71800007A06 /* PBXContainerItemProxy */ = {
			isa = PBXContainerItemProxy;
			containerPortal = 4437F82B1EB0D71800007A06 /* Project object */;
			proxyType = 1;
			remoteGlobalIDString = 4437F8321EB0D71800007A06;
			remoteInfo = Bank;
		};
		4437F8581EB0D71800007A06 /* PBXContainerItemProxy */ = {
			isa = PBXContainerItemProxy;
			containerPortal = 4437F82B1EB0D71800007A06 /* Project object */;
			proxyType = 1;
			remoteGlobalIDString = 4437F8321EB0D71800007A06;
			remoteInfo = Bank;
		};
/* End PBXContainerItemProxy section */

/* Begin PBXFileReference section */
		4437F4CA1EB36D2100AF5C10 /* ContactTableViewController.h */ = {isa = PBXFileReference; fileEncoding = 4; lastKnownFileType = sourcecode.c.h; path = ContactTableViewController.h; sourceTree = "<group>"; };
		4437F4CB1EB36D2100AF5C10 /* ContactTableViewController.m */ = {isa = PBXFileReference; fileEncoding = 4; lastKnownFileType = sourcecode.c.objc; path = ContactTableViewController.m; sourceTree = "<group>"; };
		4437F4CD1EB36D5800AF5C10 /* LeftMenuTableViewController.h */ = {isa = PBXFileReference; fileEncoding = 4; lastKnownFileType = sourcecode.c.h; path = LeftMenuTableViewController.h; sourceTree = "<group>"; };
		4437F4CE1EB36D5800AF5C10 /* LeftMenuTableViewController.m */ = {isa = PBXFileReference; fileEncoding = 4; lastKnownFileType = sourcecode.c.objc; path = LeftMenuTableViewController.m; sourceTree = "<group>"; };
		4437F4D51EB36EB300AF5C10 /* MMDrawerBarButtonItem.h */ = {isa = PBXFileReference; fileEncoding = 4; lastKnownFileType = sourcecode.c.h; path = MMDrawerBarButtonItem.h; sourceTree = "<group>"; };
		4437F4D61EB36EB300AF5C10 /* MMDrawerBarButtonItem.m */ = {isa = PBXFileReference; fileEncoding = 4; lastKnownFileType = sourcecode.c.objc; path = MMDrawerBarButtonItem.m; sourceTree = "<group>"; };
		4437F4D71EB36EB300AF5C10 /* MMDrawerController.h */ = {isa = PBXFileReference; fileEncoding = 4; lastKnownFileType = sourcecode.c.h; path = MMDrawerController.h; sourceTree = "<group>"; };
		4437F4D81EB36EB300AF5C10 /* MMDrawerController.m */ = {isa = PBXFileReference; fileEncoding = 4; lastKnownFileType = sourcecode.c.objc; path = MMDrawerController.m; sourceTree = "<group>"; };
		4437F4D91EB36EB300AF5C10 /* MMDrawerController+Subclass.h */ = {isa = PBXFileReference; fileEncoding = 4; lastKnownFileType = sourcecode.c.h; path = "MMDrawerController+Subclass.h"; sourceTree = "<group>"; };
		4437F4DA1EB36EB300AF5C10 /* MMDrawerVisualState.h */ = {isa = PBXFileReference; fileEncoding = 4; lastKnownFileType = sourcecode.c.h; path = MMDrawerVisualState.h; sourceTree = "<group>"; };
		4437F4DB1EB36EB300AF5C10 /* MMDrawerVisualState.m */ = {isa = PBXFileReference; fileEncoding = 4; lastKnownFileType = sourcecode.c.objc; path = MMDrawerVisualState.m; sourceTree = "<group>"; };
		4437F4DC1EB36EB300AF5C10 /* UIViewController+MMDrawerController.h */ = {isa = PBXFileReference; fileEncoding = 4; lastKnownFileType = sourcecode.c.h; path = "UIViewController+MMDrawerController.h"; sourceTree = "<group>"; };
		4437F4DD1EB36EB300AF5C10 /* UIViewController+MMDrawerController.m */ = {isa = PBXFileReference; fileEncoding = 4; lastKnownFileType = sourcecode.c.objc; path = "UIViewController+MMDrawerController.m"; sourceTree = "<group>"; };
		4437F8331EB0D71800007A06 /* Bank.app */ = {isa = PBXFileReference; explicitFileType = wrapper.application; includeInIndex = 0; path = Bank.app; sourceTree = BUILT_PRODUCTS_DIR; };
		4437F8371EB0D71800007A06 /* main.m */ = {isa = PBXFileReference; lastKnownFileType = sourcecode.c.objc; path = main.m; sourceTree = "<group>"; };
		4437F8391EB0D71800007A06 /* AppDelegate.h */ = {isa = PBXFileReference; lastKnownFileType = sourcecode.c.h; path = AppDelegate.h; sourceTree = "<group>"; };
		4437F83A1EB0D71800007A06 /* AppDelegate.m */ = {isa = PBXFileReference; lastKnownFileType = sourcecode.c.objc; path = AppDelegate.m; sourceTree = "<group>"; };
		4437F83C1EB0D71800007A06 /* ViewController.h */ = {isa = PBXFileReference; lastKnownFileType = sourcecode.c.h; path = ViewController.h; sourceTree = "<group>"; };
		4437F83D1EB0D71800007A06 /* ViewController.m */ = {isa = PBXFileReference; lastKnownFileType = sourcecode.c.objc; path = ViewController.m; sourceTree = "<group>"; };
		4437F8401EB0D71800007A06 /* Base */ = {isa = PBXFileReference; lastKnownFileType = file.storyboard; name = Base; path = Base.lproj/Main.storyboard; sourceTree = "<group>"; };
		4437F8421EB0D71800007A06 /* Assets.xcassets */ = {isa = PBXFileReference; lastKnownFileType = folder.assetcatalog; path = Assets.xcassets; sourceTree = "<group>"; };
		4437F8451EB0D71800007A06 /* Base */ = {isa = PBXFileReference; lastKnownFileType = file.storyboard; name = Base; path = Base.lproj/LaunchScreen.storyboard; sourceTree = "<group>"; };
		4437F8471EB0D71800007A06 /* Info.plist */ = {isa = PBXFileReference; lastKnownFileType = text.plist.xml; path = Info.plist; sourceTree = "<group>"; };
		4437F84C1EB0D71800007A06 /* BankTests.xctest */ = {isa = PBXFileReference; explicitFileType = wrapper.cfbundle; includeInIndex = 0; path = BankTests.xctest; sourceTree = BUILT_PRODUCTS_DIR; };
		4437F8501EB0D71800007A06 /* BankTests.m */ = {isa = PBXFileReference; lastKnownFileType = sourcecode.c.objc; path = BankTests.m; sourceTree = "<group>"; };
		4437F8521EB0D71800007A06 /* Info.plist */ = {isa = PBXFileReference; lastKnownFileType = text.plist.xml; path = Info.plist; sourceTree = "<group>"; };
		4437F8571EB0D71800007A06 /* BankUITests.xctest */ = {isa = PBXFileReference; explicitFileType = wrapper.cfbundle; includeInIndex = 0; path = BankUITests.xctest; sourceTree = BUILT_PRODUCTS_DIR; };
		4437F85B1EB0D71800007A06 /* BankUITests.m */ = {isa = PBXFileReference; lastKnownFileType = sourcecode.c.objc; path = BankUITests.m; sourceTree = "<group>"; };
		4437F85D1EB0D71800007A06 /* Info.plist */ = {isa = PBXFileReference; lastKnownFileType = text.plist.xml; path = Info.plist; sourceTree = "<group>"; };
		4437F8691EB0DFB700007A06 /* LoginViewController.h */ = {isa = PBXFileReference; fileEncoding = 4; lastKnownFileType = sourcecode.c.h; path = LoginViewController.h; sourceTree = "<group>"; };
		4437F86A1EB0DFB700007A06 /* LoginViewController.m */ = {isa = PBXFileReference; fileEncoding = 4; lastKnownFileType = sourcecode.c.objc; path = LoginViewController.m; sourceTree = "<group>"; };
		44F744631EB2256900A6C251 /* Oswald-Light.ttf */ = {isa = PBXFileReference; lastKnownFileType = file; path = "Oswald-Light.ttf"; sourceTree = "<group>"; };
		44F744641EB2256900A6C251 /* oswald-medium-5901e5bfca5b3.ttf */ = {isa = PBXFileReference; lastKnownFileType = file; path = "oswald-medium-5901e5bfca5b3.ttf"; sourceTree = "<group>"; };
		44F744651EB2256900A6C251 /* Oswald-Regular.ttf */ = {isa = PBXFileReference; lastKnownFileType = file; path = "Oswald-Regular.ttf"; sourceTree = "<group>"; };
		44F744661EB2256900A6C251 /* SF-UI-Text-Regular.otf */ = {isa = PBXFileReference; lastKnownFileType = file; path = "SF-UI-Text-Regular.otf"; sourceTree = "<group>"; };
		44F744671EB2256900A6C251 /* SF-UI-Text-Semibold 15.50.58.ttf */ = {isa = PBXFileReference; lastKnownFileType = file; path = "SF-UI-Text-Semibold 15.50.58.ttf"; sourceTree = "<group>"; };
		44F744681EB2256900A6C251 /* SF-UI-Text-Semibold.ttf */ = {isa = PBXFileReference; lastKnownFileType = file; path = "SF-UI-Text-Semibold.ttf"; sourceTree = "<group>"; };
		44F744691EB2256900A6C251 /* SFUIDisplay-Regular.otf */ = {isa = PBXFileReference; lastKnownFileType = file; path = "SFUIDisplay-Regular.otf"; sourceTree = "<group>"; };
		44F7446A1EB2256900A6C251 /* SFUIDisplay-Thin.otf */ = {isa = PBXFileReference; lastKnownFileType = file; path = "SFUIDisplay-Thin.otf"; sourceTree = "<group>"; };
		44F7446B1EB2256900A6C251 /* SFUIText-Light.otf */ = {isa = PBXFileReference; lastKnownFileType = file; path = "SFUIText-Light.otf"; sourceTree = "<group>"; };
		44F7446C1EB2256900A6C251 /* SFUIText-Medium.otf */ = {isa = PBXFileReference; lastKnownFileType = file; path = "SFUIText-Medium.otf"; sourceTree = "<group>"; };
		44F7446D1EB2256900A6C251 /* SFUIText-Regular.otf */ = {isa = PBXFileReference; lastKnownFileType = file; path = "SFUIText-Regular.otf"; sourceTree = "<group>"; };
		44F744791EB22E1900A6C251 /* fira-sans-extra-condensed-bold-58f899a7e708b.otf */ = {isa = PBXFileReference; lastKnownFileType = file; path = "fira-sans-extra-condensed-bold-58f899a7e708b.otf"; sourceTree = "<group>"; };
		44F7447A1EB22E1900A6C251 /* fira-sans-extra-condensed-extralight-58f8987003185.otf */ = {isa = PBXFileReference; lastKnownFileType = file; path = "fira-sans-extra-condensed-extralight-58f8987003185.otf"; sourceTree = "<group>"; };
		44F7447B1EB22E1900A6C251 /* fira-sans-extra-condensed-light-58f898d0397b5.otf */ = {isa = PBXFileReference; lastKnownFileType = file; path = "fira-sans-extra-condensed-light-58f898d0397b5.otf"; sourceTree = "<group>"; };
		44F7447C1EB22E1900A6C251 /* fira-sans-extra-condensed-light-5901e598a26c7.otf */ = {isa = PBXFileReference; lastKnownFileType = file; path = "fira-sans-extra-condensed-light-5901e598a26c7.otf"; sourceTree = "<group>"; };
		44F7447D1EB22E1900A6C251 /* fira-sans-extra-condensed-medium-italic-58f89a0167eb9.otf */ = {isa = PBXFileReference; lastKnownFileType = file; path = "fira-sans-extra-condensed-medium-italic-58f89a0167eb9.otf"; sourceTree = "<group>"; };
		44F7447E1EB22E1900A6C251 /* fira-sans-extra-condensed-regular-58f8992bf273b.otf */ = {isa = PBXFileReference; lastKnownFileType = file; path = "fira-sans-extra-condensed-regular-58f8992bf273b.otf"; sourceTree = "<group>"; };
		44F7447F1EB22E1900A6C251 /* fira-sans-extra-condensed-regular-5901e6de38fb7.otf */ = {isa = PBXFileReference; lastKnownFileType = file; path = "fira-sans-extra-condensed-regular-5901e6de38fb7.otf"; sourceTree = "<group>"; };
		44F744801EB22E1900A6C251 /* FiraSansExtraCondensed-ExtraLightItalic.ttf */ = {isa = PBXFileReference; lastKnownFileType = file; path = "FiraSansExtraCondensed-ExtraLightItalic.ttf"; sourceTree = "<group>"; };
		44F744811EB22E1900A6C251 /* FiraSansExtraCondensed-Medium.ttf */ = {isa = PBXFileReference; lastKnownFileType = file; path = "FiraSansExtraCondensed-Medium.ttf"; sourceTree = "<group>"; };
		44F7448B1EB232AB00A6C251 /* LogupViewController.h */ = {isa = PBXFileReference; fileEncoding = 4; lastKnownFileType = sourcecode.c.h; path = LogupViewController.h; sourceTree = "<group>"; };
		44F7448C1EB232AB00A6C251 /* LogupViewController.m */ = {isa = PBXFileReference; fileEncoding = 4; lastKnownFileType = sourcecode.c.objc; path = LogupViewController.m; sourceTree = "<group>"; };
/* End PBXFileReference section */

/* Begin PBXFrameworksBuildPhase section */
		4437F8301EB0D71800007A06 /* Frameworks */ = {
			isa = PBXFrameworksBuildPhase;
			buildActionMask = 2147483647;
			files = (
			);
			runOnlyForDeploymentPostprocessing = 0;
		};
		4437F8491EB0D71800007A06 /* Frameworks */ = {
			isa = PBXFrameworksBuildPhase;
			buildActionMask = 2147483647;
			files = (
			);
			runOnlyForDeploymentPostprocessing = 0;
		};
		4437F8541EB0D71800007A06 /* Frameworks */ = {
			isa = PBXFrameworksBuildPhase;
			buildActionMask = 2147483647;
			files = (
			);
			runOnlyForDeploymentPostprocessing = 0;
		};
/* End PBXFrameworksBuildPhase section */

/* Begin PBXGroup section */
		4437F4C91EB36CDE00AF5C10 /* ContactController */ = {
			isa = PBXGroup;
			children = (
				4437F4CA1EB36D2100AF5C10 /* ContactTableViewController.h */,
				4437F4CB1EB36D2100AF5C10 /* ContactTableViewController.m */,
				4437F4CD1EB36D5800AF5C10 /* LeftMenuTableViewController.h */,
				4437F4CE1EB36D5800AF5C10 /* LeftMenuTableViewController.m */,
			);
			name = ContactController;
			sourceTree = "<group>";
		};
		4437F4D41EB36E9E00AF5C10 /* MMDrawerController */ = {
			isa = PBXGroup;
			children = (
				4437F4D51EB36EB300AF5C10 /* MMDrawerBarButtonItem.h */,
				4437F4D61EB36EB300AF5C10 /* MMDrawerBarButtonItem.m */,
				4437F4D71EB36EB300AF5C10 /* MMDrawerController.h */,
				4437F4D81EB36EB300AF5C10 /* MMDrawerController.m */,
				4437F4D91EB36EB300AF5C10 /* MMDrawerController+Subclass.h */,
				4437F4DA1EB36EB300AF5C10 /* MMDrawerVisualState.h */,
				4437F4DB1EB36EB300AF5C10 /* MMDrawerVisualState.m */,
				4437F4DC1EB36EB300AF5C10 /* UIViewController+MMDrawerController.h */,
				4437F4DD1EB36EB300AF5C10 /* UIViewController+MMDrawerController.m */,
			);
			name = MMDrawerController;
			sourceTree = "<group>";
		};
		4437F82A1EB0D71800007A06 = {
			isa = PBXGroup;
			children = (
				4437F8351EB0D71800007A06 /* Bank */,
				4437F84F1EB0D71800007A06 /* BankTests */,
				4437F85A1EB0D71800007A06 /* BankUITests */,
				4437F8341EB0D71800007A06 /* Products */,
			);
			sourceTree = "<group>";
		};
		4437F8341EB0D71800007A06 /* Products */ = {
			isa = PBXGroup;
			children = (
				4437F8331EB0D71800007A06 /* Bank.app */,
				4437F84C1EB0D71800007A06 /* BankTests.xctest */,
				4437F8571EB0D71800007A06 /* BankUITests.xctest */,
			);
			name = Products;
			sourceTree = "<group>";
		};
		4437F8351EB0D71800007A06 /* Bank */ = {
			isa = PBXGroup;
			children = (
				4437F4D41EB36E9E00AF5C10 /* MMDrawerController */,
				44F744621EB2253500A6C251 /* Fonts */,
				4437F8391EB0D71800007A06 /* AppDelegate.h */,
				4437F83A1EB0D71800007A06 /* AppDelegate.m */,
				4437F83C1EB0D71800007A06 /* ViewController.h */,
				4437F83D1EB0D71800007A06 /* ViewController.m */,
				44F7448B1EB232AB00A6C251 /* LogupViewController.h */,
				44F7448C1EB232AB00A6C251 /* LogupViewController.m */,
				4437F8691EB0DFB700007A06 /* LoginViewController.h */,
				4437F86A1EB0DFB700007A06 /* LoginViewController.m */,
				4437F4C91EB36CDE00AF5C10 /* ContactController */,
				4437F83F1EB0D71800007A06 /* Main.storyboard */,
				4437F8421EB0D71800007A06 /* Assets.xcassets */,
				4437F8441EB0D71800007A06 /* LaunchScreen.storyboard */,
				4437F8471EB0D71800007A06 /* Info.plist */,
				4437F8361EB0D71800007A06 /* Supporting Files */,
			);
			path = Bank;
			sourceTree = "<group>";
		};
		4437F8361EB0D71800007A06 /* Supporting Files */ = {
			isa = PBXGroup;
			children = (
				4437F8371EB0D71800007A06 /* main.m */,
			);
			name = "Supporting Files";
			sourceTree = "<group>";
		};
		4437F84F1EB0D71800007A06 /* BankTests */ = {
			isa = PBXGroup;
			children = (
				4437F8501EB0D71800007A06 /* BankTests.m */,
				4437F8521EB0D71800007A06 /* Info.plist */,
			);
			path = BankTests;
			sourceTree = "<group>";
		};
		4437F85A1EB0D71800007A06 /* BankUITests */ = {
			isa = PBXGroup;
			children = (
				4437F85B1EB0D71800007A06 /* BankUITests.m */,
				4437F85D1EB0D71800007A06 /* Info.plist */,
			);
			path = BankUITests;
			sourceTree = "<group>";
		};
		44F744621EB2253500A6C251 /* Fonts */ = {
			isa = PBXGroup;
			children = (
				44F744631EB2256900A6C251 /* Oswald-Light.ttf */,
				44F744641EB2256900A6C251 /* oswald-medium-5901e5bfca5b3.ttf */,
				44F744791EB22E1900A6C251 /* fira-sans-extra-condensed-bold-58f899a7e708b.otf */,
				44F7447A1EB22E1900A6C251 /* fira-sans-extra-condensed-extralight-58f8987003185.otf */,
				44F7447B1EB22E1900A6C251 /* fira-sans-extra-condensed-light-58f898d0397b5.otf */,
				44F7447C1EB22E1900A6C251 /* fira-sans-extra-condensed-light-5901e598a26c7.otf */,
				44F7447D1EB22E1900A6C251 /* fira-sans-extra-condensed-medium-italic-58f89a0167eb9.otf */,
				44F7447E1EB22E1900A6C251 /* fira-sans-extra-condensed-regular-58f8992bf273b.otf */,
				44F7447F1EB22E1900A6C251 /* fira-sans-extra-condensed-regular-5901e6de38fb7.otf */,
				44F744801EB22E1900A6C251 /* FiraSansExtraCondensed-ExtraLightItalic.ttf */,
				44F744811EB22E1900A6C251 /* FiraSansExtraCondensed-Medium.ttf */,
				44F744651EB2256900A6C251 /* Oswald-Regular.ttf */,
				44F744661EB2256900A6C251 /* SF-UI-Text-Regular.otf */,
				44F744671EB2256900A6C251 /* SF-UI-Text-Semibold 15.50.58.ttf */,
				44F744681EB2256900A6C251 /* SF-UI-Text-Semibold.ttf */,
				44F744691EB2256900A6C251 /* SFUIDisplay-Regular.otf */,
				44F7446A1EB2256900A6C251 /* SFUIDisplay-Thin.otf */,
				44F7446B1EB2256900A6C251 /* SFUIText-Light.otf */,
				44F7446C1EB2256900A6C251 /* SFUIText-Medium.otf */,
				44F7446D1EB2256900A6C251 /* SFUIText-Regular.otf */,
			);
			name = Fonts;
			sourceTree = "<group>";
		};
/* End PBXGroup section */

/* Begin PBXNativeTarget section */
		4437F8321EB0D71800007A06 /* Bank */ = {
			isa = PBXNativeTarget;
			buildConfigurationList = 4437F8601EB0D71800007A06 /* Build configuration list for PBXNativeTarget "Bank" */;
			buildPhases = (
				4437F82F1EB0D71800007A06 /* Sources */,
				4437F8301EB0D71800007A06 /* Frameworks */,
				4437F8311EB0D71800007A06 /* Resources */,
			);
			buildRules = (
			);
			dependencies = (
			);
			name = Bank;
			productName = Bank;
			productReference = 4437F8331EB0D71800007A06 /* Bank.app */;
			productType = "com.apple.product-type.application";
		};
		4437F84B1EB0D71800007A06 /* BankTests */ = {
			isa = PBXNativeTarget;
			buildConfigurationList = 4437F8631EB0D71800007A06 /* Build configuration list for PBXNativeTarget "BankTests" */;
			buildPhases = (
				4437F8481EB0D71800007A06 /* Sources */,
				4437F8491EB0D71800007A06 /* Frameworks */,
				4437F84A1EB0D71800007A06 /* Resources */,
			);
			buildRules = (
			);
			dependencies = (
				4437F84E1EB0D71800007A06 /* PBXTargetDependency */,
			);
			name = BankTests;
			productName = BankTests;
			productReference = 4437F84C1EB0D71800007A06 /* BankTests.xctest */;
			productType = "com.apple.product-type.bundle.unit-test";
		};
		4437F8561EB0D71800007A06 /* BankUITests */ = {
			isa = PBXNativeTarget;
			buildConfigurationList = 4437F8661EB0D71800007A06 /* Build configuration list for PBXNativeTarget "BankUITests" */;
			buildPhases = (
				4437F8531EB0D71800007A06 /* Sources */,
				4437F8541EB0D71800007A06 /* Frameworks */,
				4437F8551EB0D71800007A06 /* Resources */,
			);
			buildRules = (
			);
			dependencies = (
				4437F8591EB0D71800007A06 /* PBXTargetDependency */,
			);
			name = BankUITests;
			productName = BankUITests;
			productReference = 4437F8571EB0D71800007A06 /* BankUITests.xctest */;
			productType = "com.apple.product-type.bundle.ui-testing";
		};
/* End PBXNativeTarget section */

/* Begin PBXProject section */
		4437F82B1EB0D71800007A06 /* Project object */ = {
			isa = PBXProject;
			attributes = {
				LastUpgradeCheck = 0830;
				ORGANIZATIONNAME = MenDu4;
				TargetAttributes = {
					4437F8321EB0D71800007A06 = {
						CreatedOnToolsVersion = 8.3.2;
						ProvisioningStyle = Automatic;
					};
					4437F84B1EB0D71800007A06 = {
						CreatedOnToolsVersion = 8.3.2;
						ProvisioningStyle = Automatic;
						TestTargetID = 4437F8321EB0D71800007A06;
					};
					4437F8561EB0D71800007A06 = {
						CreatedOnToolsVersion = 8.3.2;
						ProvisioningStyle = Automatic;
						TestTargetID = 4437F8321EB0D71800007A06;
					};
				};
			};
			buildConfigurationList = 4437F82E1EB0D71800007A06 /* Build configuration list for PBXProject "Bank" */;
			compatibilityVersion = "Xcode 3.2";
			developmentRegion = English;
			hasScannedForEncodings = 0;
			knownRegions = (
				en,
				Base,
			);
			mainGroup = 4437F82A1EB0D71800007A06;
			productRefGroup = 4437F8341EB0D71800007A06 /* Products */;
			projectDirPath = "";
			projectRoot = "";
			targets = (
				4437F8321EB0D71800007A06 /* Bank */,
				4437F84B1EB0D71800007A06 /* BankTests */,
				4437F8561EB0D71800007A06 /* BankUITests */,
			);
		};
/* End PBXProject section */

/* Begin PBXResourcesBuildPhase section */
		4437F8311EB0D71800007A06 /* Resources */ = {
			isa = PBXResourcesBuildPhase;
			buildActionMask = 2147483647;
			files = (
				44F744821EB22EC100A6C251 /* fira-sans-extra-condensed-bold-58f899a7e708b.otf in Resources */,
				44F744831EB22EC100A6C251 /* fira-sans-extra-condensed-extralight-58f8987003185.otf in Resources */,
				44F744841EB22EC100A6C251 /* fira-sans-extra-condensed-light-58f898d0397b5.otf in Resources */,
				44F744851EB22EC100A6C251 /* fira-sans-extra-condensed-light-5901e598a26c7.otf in Resources */,
				44F744861EB22EC100A6C251 /* fira-sans-extra-condensed-medium-italic-58f89a0167eb9.otf in Resources */,
				44F744871EB22EC100A6C251 /* fira-sans-extra-condensed-regular-58f8992bf273b.otf in Resources */,
				44F744881EB22EC100A6C251 /* fira-sans-extra-condensed-regular-5901e6de38fb7.otf in Resources */,
				44F744891EB22EC100A6C251 /* FiraSansExtraCondensed-ExtraLightItalic.ttf in Resources */,
				44F7448A1EB22EC100A6C251 /* FiraSansExtraCondensed-Medium.ttf in Resources */,
				44F7446E1EB2269500A6C251 /* Oswald-Light.ttf in Resources */,
				44F7446F1EB2269500A6C251 /* oswald-medium-5901e5bfca5b3.ttf in Resources */,
				44F744701EB2269500A6C251 /* Oswald-Regular.ttf in Resources */,
				44F744711EB2269500A6C251 /* SF-UI-Text-Regular.otf in Resources */,
				44F744721EB2269500A6C251 /* SF-UI-Text-Semibold 15.50.58.ttf in Resources */,
				44F744731EB2269500A6C251 /* SF-UI-Text-Semibold.ttf in Resources */,
				44F744741EB2269500A6C251 /* SFUIDisplay-Regular.otf in Resources */,
				44F744751EB2269500A6C251 /* SFUIDisplay-Thin.otf in Resources */,
				44F744761EB2269500A6C251 /* SFUIText-Light.otf in Resources */,
				44F744771EB2269500A6C251 /* SFUIText-Medium.otf in Resources */,
				44F744781EB2269500A6C251 /* SFUIText-Regular.otf in Resources */,
				4437F8461EB0D71800007A06 /* LaunchScreen.storyboard in Resources */,
				4437F8431EB0D71800007A06 /* Assets.xcassets in Resources */,
				4437F8411EB0D71800007A06 /* Main.storyboard in Resources */,
			);
			runOnlyForDeploymentPostprocessing = 0;
		};
		4437F84A1EB0D71800007A06 /* Resources */ = {
			isa = PBXResourcesBuildPhase;
			buildActionMask = 2147483647;
			files = (
			);
			runOnlyForDeploymentPostprocessing = 0;
		};
		4437F8551EB0D71800007A06 /* Resources */ = {
			isa = PBXResourcesBuildPhase;
			buildActionMask = 2147483647;
			files = (
			);
			runOnlyForDeploymentPostprocessing = 0;
		};
/* End PBXResourcesBuildPhase section */

/* Begin PBXSourcesBuildPhase section */
		4437F82F1EB0D71800007A06 /* Sources */ = {
			isa = PBXSourcesBuildPhase;
			buildActionMask = 2147483647;
			files = (
				4437F4E11EB36EB300AF5C10 /* UIViewController+MMDrawerController.m in Sources */,
				4437F4E01EB36EB300AF5C10 /* MMDrawerVisualState.m in Sources */,
				4437F86B1EB0DFB700007A06 /* LoginViewController.m in Sources */,
				4437F4DE1EB36EB300AF5C10 /* MMDrawerBarButtonItem.m in Sources */,
				4437F83E1EB0D71800007A06 /* ViewController.m in Sources */,
				4437F83B1EB0D71800007A06 /* AppDelegate.m in Sources */,
				4437F8381EB0D71800007A06 /* main.m in Sources */,
				4437F4CC1EB36D2100AF5C10 /* ContactTableViewController.m in Sources */,
				44F7448D1EB232AB00A6C251 /* LogupViewController.m in Sources */,
				4437F4DF1EB36EB300AF5C10 /* MMDrawerController.m in Sources */,
				4437F4CF1EB36D5800AF5C10 /* LeftMenuTableViewController.m in Sources */,
			);
			runOnlyForDeploymentPostprocessing = 0;
		};
		4437F8481EB0D71800007A06 /* Sources */ = {
			isa = PBXSourcesBuildPhase;
			buildActionMask = 2147483647;
			files = (
				4437F8511EB0D71800007A06 /* BankTests.m in Sources */,
			);
			runOnlyForDeploymentPostprocessing = 0;
		};
		4437F8531EB0D71800007A06 /* Sources */ = {
			isa = PBXSourcesBuildPhase;
			buildActionMask = 2147483647;
			files = (
				4437F85C1EB0D71800007A06 /* BankUITests.m in Sources */,
			);
			runOnlyForDeploymentPostprocessing = 0;
		};
/* End PBXSourcesBuildPhase section */

/* Begin PBXTargetDependency section */
		4437F84E1EB0D71800007A06 /* PBXTargetDependency */ = {
			isa = PBXTargetDependency;
			target = 4437F8321EB0D71800007A06 /* Bank */;
			targetProxy = 4437F84D1EB0D71800007A06 /* PBXContainerItemProxy */;
		};
		4437F8591EB0D71800007A06 /* PBXTargetDependency */ = {
			isa = PBXTargetDependency;
			target = 4437F8321EB0D71800007A06 /* Bank */;
			targetProxy = 4437F8581EB0D71800007A06 /* PBXContainerItemProxy */;
		};
/* End PBXTargetDependency section */

/* Begin PBXVariantGroup section */
		4437F83F1EB0D71800007A06 /* Main.storyboard */ = {
			isa = PBXVariantGroup;
			children = (
				4437F8401EB0D71800007A06 /* Base */,
			);
			name = Main.storyboard;
			sourceTree = "<group>";
		};
		4437F8441EB0D71800007A06 /* LaunchScreen.storyboard */ = {
			isa = PBXVariantGroup;
			children = (
				4437F8451EB0D71800007A06 /* Base */,
			);
			name = LaunchScreen.storyboard;
			sourceTree = "<group>";
		};
/* End PBXVariantGroup section */

/* Begin XCBuildConfiguration section */
		4437F85E1EB0D71800007A06 /* Debug */ = {
			isa = XCBuildConfiguration;
			buildSettings = {
				ALWAYS_SEARCH_USER_PATHS = NO;
				CLANG_ANALYZER_NONNULL = YES;
				CLANG_ANALYZER_NUMBER_OBJECT_CONVERSION = YES_AGGRESSIVE;
				CLANG_CXX_LANGUAGE_STANDARD = "gnu++0x";
				CLANG_CXX_LIBRARY = "libc++";
				CLANG_ENABLE_MODULES = YES;
				CLANG_ENABLE_OBJC_ARC = YES;
				CLANG_WARN_BOOL_CONVERSION = YES;
				CLANG_WARN_CONSTANT_CONVERSION = YES;
				CLANG_WARN_DIRECT_OBJC_ISA_USAGE = YES_ERROR;
				CLANG_WARN_DOCUMENTATION_COMMENTS = YES;
				CLANG_WARN_EMPTY_BODY = YES;
				CLANG_WARN_ENUM_CONVERSION = YES;
				CLANG_WARN_INFINITE_RECURSION = YES;
				CLANG_WARN_INT_CONVERSION = YES;
				CLANG_WARN_OBJC_ROOT_CLASS = YES_ERROR;
				CLANG_WARN_SUSPICIOUS_MOVE = YES;
				CLANG_WARN_UNREACHABLE_CODE = YES;
				CLANG_WARN__DUPLICATE_METHOD_MATCH = YES;
				"CODE_SIGN_IDENTITY[sdk=iphoneos*]" = "iPhone Developer";
				COPY_PHASE_STRIP = NO;
				DEBUG_INFORMATION_FORMAT = dwarf;
				ENABLE_STRICT_OBJC_MSGSEND = YES;
				ENABLE_TESTABILITY = YES;
				GCC_C_LANGUAGE_STANDARD = gnu99;
				GCC_DYNAMIC_NO_PIC = NO;
				GCC_NO_COMMON_BLOCKS = YES;
				GCC_OPTIMIZATION_LEVEL = 0;
				GCC_PREPROCESSOR_DEFINITIONS = (
					"DEBUG=1",
					"$(inherited)",
				);
				GCC_WARN_64_TO_32_BIT_CONVERSION = YES;
				GCC_WARN_ABOUT_RETURN_TYPE = YES_ERROR;
				GCC_WARN_UNDECLARED_SELECTOR = YES;
				GCC_WARN_UNINITIALIZED_AUTOS = YES_AGGRESSIVE;
				GCC_WARN_UNUSED_FUNCTION = YES;
				GCC_WARN_UNUSED_VARIABLE = YES;
				IPHONEOS_DEPLOYMENT_TARGET = 10.3;
				MTL_ENABLE_DEBUG_INFO = YES;
				ONLY_ACTIVE_ARCH = YES;
				SDKROOT = iphoneos;
			};
			name = Debug;
		};
		4437F85F1EB0D71800007A06 /* Release */ = {
			isa = XCBuildConfiguration;
			buildSettings = {
				ALWAYS_SEARCH_USER_PATHS = NO;
				CLANG_ANALYZER_NONNULL = YES;
				CLANG_ANALYZER_NUMBER_OBJECT_CONVERSION = YES_AGGRESSIVE;
				CLANG_CXX_LANGUAGE_STANDARD = "gnu++0x";
				CLANG_CXX_LIBRARY = "libc++";
				CLANG_ENABLE_MODULES = YES;
				CLANG_ENABLE_OBJC_ARC = YES;
				CLANG_WARN_BOOL_CONVERSION = YES;
				CLANG_WARN_CONSTANT_CONVERSION = YES;
				CLANG_WARN_DIRECT_OBJC_ISA_USAGE = YES_ERROR;
				CLANG_WARN_DOCUMENTATION_COMMENTS = YES;
				CLANG_WARN_EMPTY_BODY = YES;
				CLANG_WARN_ENUM_CONVERSION = YES;
				CLANG_WARN_INFINITE_RECURSION = YES;
				CLANG_WARN_INT_CONVERSION = YES;
				CLANG_WARN_OBJC_ROOT_CLASS = YES_ERROR;
				CLANG_WARN_SUSPICIOUS_MOVE = YES;
				CLANG_WARN_UNREACHABLE_CODE = YES;
				CLANG_WARN__DUPLICATE_METHOD_MATCH = YES;
				"CODE_SIGN_IDENTITY[sdk=iphoneos*]" = "iPhone Developer";
				COPY_PHASE_STRIP = NO;
				DEBUG_INFORMATION_FORMAT = "dwarf-with-dsym";
				ENABLE_NS_ASSERTIONS = NO;
				ENABLE_STRICT_OBJC_MSGSEND = YES;
				GCC_C_LANGUAGE_STANDARD = gnu99;
				GCC_NO_COMMON_BLOCKS = YES;
				GCC_WARN_64_TO_32_BIT_CONVERSION = YES;
				GCC_WARN_ABOUT_RETURN_TYPE = YES_ERROR;
				GCC_WARN_UNDECLARED_SELECTOR = YES;
				GCC_WARN_UNINITIALIZED_AUTOS = YES_AGGRESSIVE;
				GCC_WARN_UNUSED_FUNCTION = YES;
				GCC_WARN_UNUSED_VARIABLE = YES;
				IPHONEOS_DEPLOYMENT_TARGET = 10.3;
				MTL_ENABLE_DEBUG_INFO = NO;
				SDKROOT = iphoneos;
				VALIDATE_PRODUCT = YES;
			};
			name = Release;
		};
		4437F8611EB0D71800007A06 /* Debug */ = {
			isa = XCBuildConfiguration;
			buildSettings = {
				ASSETCATALOG_COMPILER_APPICON_NAME = AppIcon;
				INFOPLIST_FILE = Bank/Info.plist;
				LD_RUNPATH_SEARCH_PATHS = "$(inherited) @executable_path/Frameworks";
				PRODUCT_BUNDLE_IDENTIFIER = BD.Bank;
				PRODUCT_NAME = "$(TARGET_NAME)";
			};
			name = Debug;
		};
		4437F8621EB0D71800007A06 /* Release */ = {
			isa = XCBuildConfiguration;
			buildSettings = {
				ASSETCATALOG_COMPILER_APPICON_NAME = AppIcon;
				INFOPLIST_FILE = Bank/Info.plist;
				LD_RUNPATH_SEARCH_PATHS = "$(inherited) @executable_path/Frameworks";
				PRODUCT_BUNDLE_IDENTIFIER = BD.Bank;
				PRODUCT_NAME = "$(TARGET_NAME)";
			};
			name = Release;
		};
		4437F8641EB0D71800007A06 /* Debug */ = {
			isa = XCBuildConfiguration;
			buildSettings = {
				BUNDLE_LOADER = "$(TEST_HOST)";
				INFOPLIST_FILE = BankTests/Info.plist;
				LD_RUNPATH_SEARCH_PATHS = "$(inherited) @executable_path/Frameworks @loader_path/Frameworks";
				PRODUCT_BUNDLE_IDENTIFIER = BD.BankTests;
				PRODUCT_NAME = "$(TARGET_NAME)";
				TEST_HOST = "$(BUILT_PRODUCTS_DIR)/Bank.app/Bank";
			};
			name = Debug;
		};
		4437F8651EB0D71800007A06 /* Release */ = {
			isa = XCBuildConfiguration;
			buildSettings = {
				BUNDLE_LOADER = "$(TEST_HOST)";
				INFOPLIST_FILE = BankTests/Info.plist;
				LD_RUNPATH_SEARCH_PATHS = "$(inherited) @executable_path/Frameworks @loader_path/Frameworks";
				PRODUCT_BUNDLE_IDENTIFIER = BD.BankTests;
				PRODUCT_NAME = "$(TARGET_NAME)";
				TEST_HOST = "$(BUILT_PRODUCTS_DIR)/Bank.app/Bank";
			};
			name = Release;
		};
		4437F8671EB0D71800007A06 /* Debug */ = {
			isa = XCBuildConfiguration;
			buildSettings = {
				INFOPLIST_FILE = BankUITests/Info.plist;
				LD_RUNPATH_SEARCH_PATHS = "$(inherited) @executable_path/Frameworks @loader_path/Frameworks";
				PRODUCT_BUNDLE_IDENTIFIER = BD.BankUITests;
				PRODUCT_NAME = "$(TARGET_NAME)";
				TEST_TARGET_NAME = Bank;
			};
			name = Debug;
		};
		4437F8681EB0D71800007A06 /* Release */ = {
			isa = XCBuildConfiguration;
			buildSettings = {
				INFOPLIST_FILE = BankUITests/Info.plist;
				LD_RUNPATH_SEARCH_PATHS = "$(inherited) @executable_path/Frameworks @loader_path/Frameworks";
				PRODUCT_BUNDLE_IDENTIFIER = BD.BankUITests;
				PRODUCT_NAME = "$(TARGET_NAME)";
				TEST_TARGET_NAME = Bank;
			};
			name = Release;
		};
/* End XCBuildConfiguration section */

/* Begin XCConfigurationList section */
		4437F82E1EB0D71800007A06 /* Build configuration list for PBXProject "Bank" */ = {
			isa = XCConfigurationList;
			buildConfigurations = (
				4437F85E1EB0D71800007A06 /* Debug */,
				4437F85F1EB0D71800007A06 /* Release */,
			);
			defaultConfigurationIsVisible = 0;
			defaultConfigurationName = Release;
		};
		4437F8601EB0D71800007A06 /* Build configuration list for PBXNativeTarget "Bank" */ = {
			isa = XCConfigurationList;
			buildConfigurations = (
				4437F8611EB0D71800007A06 /* Debug */,
				4437F8621EB0D71800007A06 /* Release */,
			);
			defaultConfigurationIsVisible = 0;
			defaultConfigurationName = Release;
		};
		4437F8631EB0D71800007A06 /* Build configuration list for PBXNativeTarget "BankTests" */ = {
			isa = XCConfigurationList;
			buildConfigurations = (
				4437F8641EB0D71800007A06 /* Debug */,
				4437F8651EB0D71800007A06 /* Release */,
			);
			defaultConfigurationIsVisible = 0;
			defaultConfigurationName = Release;
		};
		4437F8661EB0D71800007A06 /* Build configuration list for PBXNativeTarget "BankUITests" */ = {
			isa = XCConfigurationList;
			buildConfigurations = (
				4437F8671EB0D71800007A06 /* Debug */,
				4437F8681EB0D71800007A06 /* Release */,
			);
			defaultConfigurationIsVisible = 0;
			defaultConfigurationName = Release;
		};
/* End XCConfigurationList section */
	};
	rootObject = 4437F82B1EB0D71800007A06 /* Project object */;
}
